
Microsoft Visual Studio Solution File, Format Version 12.00
# Visual Studio Version 16
VisualStudioVersion = 16.0.30128.74
MinimumVisualStudioVersion = 10.0.40219.1
Project("{FAE04EC0-301F-11D3-BF4B-00C04F79EFBC}") = "AutoStereoDavao POS", "AutoStereoDavao POS\AutoStereoDavao POS.csproj", "{DEBB70ED-AC7B-4CD9-827A-F03BADE5A58B}"
EndProject
Global
	GlobalSection(SolutionConfigurationPlatforms) = preSolution
		Debug|Any CPU = Debug|Any CPU
		Release|Any CPU = Release|Any CPU
	EndGlobalSection
	GlobalSection(ProjectConfigurationPlatforms) = postSolution
		{DEBB70ED-AC7B-4CD9-827A-F03BADE5A58B}.Debug|Any CPU.ActiveCfg = Debug|Any CPU
		{DEBB70ED-AC7B-4CD9-827A-F03BADE5A58B}.Debug|Any CPU.Build.0 = Debug|Any CPU
		{DEBB70ED-AC7B-4CD9-827A-F03BADE5A58B}.Release|Any CPU.ActiveCfg = Release|Any CPU
		{DEBB70ED-AC7B-4CD9-827A-F03BADE5A58B}.Release|Any CPU.Build.0 = Release|Any CPU
	EndGlobalSection
	GlobalSection(SolutionProperties) = preSolution
		HideSolutionNode = FALSE
	EndGlobalSection
	GlobalSection(ExtensibilityGlobals) = postSolution
		SolutionGuid = {E88EFB5A-02C7-40DF-8F07-11AB4522486C}
	EndGlobalSection
EndGlobal
